{
  "version": "5",
  "specifiers": {
    "npm:@supabase/supabase-js@2.115.0": "2.115.0"
  },
  "npm": {
    "@supabase/auth-js@2.115.0": {
      "integrity": "sha512-YNQlQWm1H0gsXHSY8Jd/xepBhjO0Zhwx04iW17A83/joQ5kFiUin6iPj9s9kZZvupnwLjXVP/diTFiLz2jUbwQ==",
      "dependencies": [
        "tslib"
      ]
    },
    "@supabase/functions-js@2.115.0": {
      "integrity": "sha512-p97V6/YFcdp+zblFDVJaE8f9rGKTNz0PRzyJ2d1w/EYIU5lwidKuc3l/wM+u27ACmAC62albvoGiUGzLPSg7Aw==",
      "dependencies": [
        "tslib"
      ]
    },
    "@supabase/phoenix@0.4.5": {
      "integrity": "sha512-aAn9H9ovVyeApKy11OWOrrOGq8DV68yWeH4ud2lN9fzn4aO8Zb5GLL9m1pUg9nLqIcT+ZDfAcsZe0E/nqdv2lw=="
    },
    "@supabase/postgrest-js@2.115.0": {
      "integrity": "sha512-DdERcurLh5t84pgSywDg2LjLR5le7XAzl52/iQhC7FdboWDqGfDPMfaWJV3MHvhyxSlSNzbpSQG+RiQOBSn/4w==",
      "dependencies": [
        "tslib"
      ]
    },
    "@supabase/realtime-js@2.115.0": {
      "integrity": "sha512-5HyBkvlA/IUV2v8jX3uLTdy15jmTPRVXwXKoxvH2SKw5jZMNURxCxt+VpCEukscXQlY7pUpH8Cy4NH6io4iaRw==",
      "dependencies": [
        "@supabase/phoenix",
        "tslib"
      ]
    },
    "@supabase/storage-js@2.115.0": {
      "integrity": "sha512-dLyIxzbO+MCcKHhcce8rVUCQX1iyqXqQ8ytgkOVYJ7D+Zp0qKylPtQH3hamgxrGSxtDjaw47Urpzw2iK9PsKdA==",
      "dependencies": [
        "iceberg-js",
        "tslib"
      ]
    },
    "@supabase/supabase-js@2.115.0": {
      "integrity": "sha512-PYJSxtCo37R7tTZW6pAqsxUeSx/dlhA7zn8RzKEUSCqyTxCUhG+iHrDTb04UyVBYbttaUbhwkNTvb8h5HW+uZA==",
      "dependencies": [
        "@supabase/auth-js",
        "@supabase/functions-js",
        "@supabase/postgrest-js",
        "@supabase/realtime-js",
        "@supabase/storage-js"
      ]
    },
    "iceberg-js@0.8.1": {
      "integrity": "sha512-1dhVQZXhcHje7798IVM+xoo/1ZdVfzOMIc8/rgVSijRK38EDqOJoGula9N/8ZI5RD8QTxNQtK/Gozpr+qUqRRA=="
    },
    "tslib@2.8.1": {
      "integrity": "sha512-oJFu94HQb+KVduSUQL7wnpmqnfmLsOA/nAh6b6EH0wCEoK0/mPeXU6c3wKDV83MkOuHPRHtSXKKU99IBazS/2w=="
    }
  },
  "workspace": {
    "dependencies": [
      "npm:@supabase/supabase-js@2.115.0"
    ]
  }
}
